
Microsoft Visual Studio Solution File, Format Version 10.00
# Visual Studio 2008
Project("{FAE04EC0-301F-11D3-BF4B-00C04F79EFBC}") = "Test_Console", "Test_Console\Test_Console.csproj", "{3173C546-C3C3-456B-AC11-49F3AD5F36F7}"
EndProject
Project("{FAE04EC0-301F-11D3-BF4B-00C04F79EFBC}") = "TestProject", "TestProject\TestProject.csproj", "{4D7FFA9D-8852-426D-821B-DCFC7D5866CD}"
EndProject
Project("{FAE04EC0-301F-11D3-BF4B-00C04F79EFBC}") = "utility", "..\utility\utility\utility.csproj", "{4DFC8774-E67D-4EFF-9249-301C0D5EB158}"
EndProject
Project("{FAE04EC0-301F-11D3-BF4B-00C04F79EFBC}") = "ConsoleInterface", "ConsoleInterface\ConsoleInterface.csproj", "{9869E8E8-B0F7-42C8-812C-2C4DEA2B2435}"
EndProject
Project("{FAE04EC0-301F-11D3-BF4B-00C04F79EFBC}") = "GUI", "GUI\GUI.csproj", "{4E43DEFA-8717-4ED5-B234-C2B6F9B8AB15}"
EndProject
Project("{FAE04EC0-301F-11D3-BF4B-00C04F79EFBC}") = "MusicImporter_Lib", "MusicImporter_Lib\MusicImporter_Lib.csproj", "{E93459B4-CF0B-4FAF-9511-8CE9B9882780}"
EndProject
Project("{54435603-DBB4-11D2-8724-00A0C9A8B90C}") = "Setup", "Setup\Setup.vdproj", "{6B46DA31-C4D4-48F7-ACC6-FA7CFB2D303D}"
EndProject
Project("{FAE04EC0-301F-11D3-BF4B-00C04F79EFBC}") = "ReportsApplication", "ReportsApplication\ReportsApplication.csproj", "{868320EE-EBE1-4F27-88DF-D70732620FD2}"
EndProject
Global
	GlobalSection(SolutionConfigurationPlatforms) = preSolution
		Debug|.NET 2.0 = Debug|.NET 2.0
		Debug|Any CPU = Debug|Any CPU
		Debug|x86 = Debug|x86
		Deploy_Debug|.NET 2.0 = Deploy_Debug|.NET 2.0
		Deploy_Debug|Any CPU = Deploy_Debug|Any CPU
		Deploy_Debug|x86 = Deploy_Debug|x86
		Fast Debug|.NET 2.0 = Fast Debug|.NET 2.0
		Fast Debug|Any CPU = Fast Debug|Any CPU
		Fast Debug|x86 = Fast Debug|x86
		Release|.NET 2.0 = Release|.NET 2.0
		Release|Any CPU = Release|Any CPU
		Release|x86 = Release|x86
	EndGlobalSection
	GlobalSection(ProjectConfigurationPlatforms) = postSolution
		{3173C546-C3C3-456B-AC11-49F3AD5F36F7}.Debug|.NET 2.0.ActiveCfg = Debug|Any CPU
		{3173C546-C3C3-456B-AC11-49F3AD5F36F7}.Debug|.NET 2.0.Build.0 = Debug|Any CPU
		{3173C546-C3C3-456B-AC11-49F3AD5F36F7}.Debug|Any CPU.ActiveCfg = Debug|Any CPU
		{3173C546-C3C3-456B-AC11-49F3AD5F36F7}.Debug|Any CPU.Build.0 = Debug|Any CPU
		{3173C546-C3C3-456B-AC11-49F3AD5F36F7}.Debug|x86.ActiveCfg = Debug|Any CPU
		{3173C546-C3C3-456B-AC11-49F3AD5F36F7}.Debug|x86.Build.0 = Debug|Any CPU
		{3173C546-C3C3-456B-AC11-49F3AD5F36F7}.Deploy_Debug|.NET 2.0.ActiveCfg = Debug|Any CPU
		{3173C546-C3C3-456B-AC11-49F3AD5F36F7}.Deploy_Debug|Any CPU.ActiveCfg = Debug|Any CPU
		{3173C546-C3C3-456B-AC11-49F3AD5F36F7}.Deploy_Debug|Any CPU.Build.0 = Debug|Any CPU
		{3173C546-C3C3-456B-AC11-49F3AD5F36F7}.Deploy_Debug|x86.ActiveCfg = Debug|Any CPU
		{3173C546-C3C3-456B-AC11-49F3AD5F36F7}.Fast Debug|.NET 2.0.ActiveCfg = Debug|Any CPU
		{3173C546-C3C3-456B-AC11-49F3AD5F36F7}.Fast Debug|Any CPU.ActiveCfg = Debug|Any CPU
		{3173C546-C3C3-456B-AC11-49F3AD5F36F7}.Fast Debug|Any CPU.Build.0 = Debug|Any CPU
		{3173C546-C3C3-456B-AC11-49F3AD5F36F7}.Fast Debug|x86.ActiveCfg = Debug|Any CPU
		{3173C546-C3C3-456B-AC11-49F3AD5F36F7}.Release|.NET 2.0.ActiveCfg = Release|Any CPU
		{3173C546-C3C3-456B-AC11-49F3AD5F36F7}.Release|Any CPU.ActiveCfg = Release|Any CPU
		{3173C546-C3C3-456B-AC11-49F3AD5F36F7}.Release|Any CPU.Build.0 = Release|Any CPU
		{3173C546-C3C3-456B-AC11-49F3AD5F36F7}.Release|x86.ActiveCfg = Release|Any CPU
		{4D7FFA9D-8852-426D-821B-DCFC7D5866CD}.Debug|.NET 2.0.ActiveCfg = Debug|Any CPU
		{4D7FFA9D-8852-426D-821B-DCFC7D5866CD}.Debug|.NET 2.0.Build.0 = Debug|Any CPU
		{4D7FFA9D-8852-426D-821B-DCFC7D5866CD}.Debug|Any CPU.ActiveCfg = Debug|Any CPU
		{4D7FFA9D-8852-426D-821B-DCFC7D5866CD}.Debug|Any CPU.Build.0 = Debug|Any CPU
		{4D7FFA9D-8852-426D-821B-DCFC7D5866CD}.Debug|x86.ActiveCfg = Debug|Any CPU
		{4D7FFA9D-8852-426D-821B-DCFC7D5866CD}.Debug|x86.Build.0 = Debug|Any CPU
		{4D7FFA9D-8852-426D-821B-DCFC7D5866CD}.Deploy_Debug|.NET 2.0.ActiveCfg = Debug|Any CPU
		{4D7FFA9D-8852-426D-821B-DCFC7D5866CD}.Deploy_Debug|Any CPU.ActiveCfg = Debug|Any CPU
		{4D7FFA9D-8852-426D-821B-DCFC7D5866CD}.Deploy_Debug|Any CPU.Build.0 = Debug|Any CPU
		{4D7FFA9D-8852-426D-821B-DCFC7D5866CD}.Deploy_Debug|x86.ActiveCfg = Debug|Any CPU
		{4D7FFA9D-8852-426D-821B-DCFC7D5866CD}.Fast Debug|.NET 2.0.ActiveCfg = Debug|Any CPU
		{4D7FFA9D-8852-426D-821B-DCFC7D5866CD}.Fast Debug|Any CPU.ActiveCfg = Debug|Any CPU
		{4D7FFA9D-8852-426D-821B-DCFC7D5866CD}.Fast Debug|Any CPU.Build.0 = Debug|Any CPU
		{4D7FFA9D-8852-426D-821B-DCFC7D5866CD}.Fast Debug|x86.ActiveCfg = Debug|Any CPU
		{4D7FFA9D-8852-426D-821B-DCFC7D5866CD}.Release|.NET 2.0.ActiveCfg = Release|Any CPU
		{4D7FFA9D-8852-426D-821B-DCFC7D5866CD}.Release|Any CPU.ActiveCfg = Release|Any CPU
		{4D7FFA9D-8852-426D-821B-DCFC7D5866CD}.Release|Any CPU.Build.0 = Release|Any CPU
		{4D7FFA9D-8852-426D-821B-DCFC7D5866CD}.Release|x86.ActiveCfg = Release|Any CPU
		{4DFC8774-E67D-4EFF-9249-301C0D5EB158}.Debug|.NET 2.0.ActiveCfg = Debug|Any CPU
		{4DFC8774-E67D-4EFF-9249-301C0D5EB158}.Debug|.NET 2.0.Build.0 = Debug|Any CPU
		{4DFC8774-E67D-4EFF-9249-301C0D5EB158}.Debug|Any CPU.ActiveCfg = Debug|Any CPU
		{4DFC8774-E67D-4EFF-9249-301C0D5EB158}.Debug|Any CPU.Build.0 = Debug|Any CPU
		{4DFC8774-E67D-4EFF-9249-301C0D5EB158}.Debug|x86.ActiveCfg = Debug|Any CPU
		{4DFC8774-E67D-4EFF-9249-301C0D5EB158}.Debug|x86.Build.0 = Debug|Any CPU
		{4DFC8774-E67D-4EFF-9249-301C0D5EB158}.Deploy_Debug|.NET 2.0.ActiveCfg = Deploy_Debug|Any CPU
		{4DFC8774-E67D-4EFF-9249-301C0D5EB158}.Deploy_Debug|Any CPU.ActiveCfg = Deploy_Debug|Any CPU
		{4DFC8774-E67D-4EFF-9249-301C0D5EB158}.Deploy_Debug|Any CPU.Build.0 = Deploy_Debug|Any CPU
		{4DFC8774-E67D-4EFF-9249-301C0D5EB158}.Deploy_Debug|x86.ActiveCfg = Deploy_Debug|Any CPU
		{4DFC8774-E67D-4EFF-9249-301C0D5EB158}.Fast Debug|.NET 2.0.ActiveCfg = Debug|Any CPU
		{4DFC8774-E67D-4EFF-9249-301C0D5EB158}.Fast Debug|Any CPU.ActiveCfg = Debug|Any CPU
		{4DFC8774-E67D-4EFF-9249-301C0D5EB158}.Fast Debug|Any CPU.Build.0 = Debug|Any CPU
		{4DFC8774-E67D-4EFF-9249-301C0D5EB158}.Fast Debug|x86.ActiveCfg = Debug|Any CPU
		{4DFC8774-E67D-4EFF-9249-301C0D5EB158}.Release|.NET 2.0.ActiveCfg = Release|Any CPU
		{4DFC8774-E67D-4EFF-9249-301C0D5EB158}.Release|.NET 2.0.Build.0 = Release|Any CPU
		{4DFC8774-E67D-4EFF-9249-301C0D5EB158}.Release|Any CPU.ActiveCfg = Release|Any CPU
		{4DFC8774-E67D-4EFF-9249-301C0D5EB158}.Release|Any CPU.Build.0 = Release|Any CPU
		{4DFC8774-E67D-4EFF-9249-301C0D5EB158}.Release|x86.ActiveCfg = Release|Any CPU
		{9869E8E8-B0F7-42C8-812C-2C4DEA2B2435}.Debug|.NET 2.0.ActiveCfg = Debug|Any CPU
		{9869E8E8-B0F7-42C8-812C-2C4DEA2B2435}.Debug|Any CPU.ActiveCfg = Debug|Any CPU
		{9869E8E8-B0F7-42C8-812C-2C4DEA2B2435}.Debug|Any CPU.Build.0 = Debug|Any CPU
		{9869E8E8-B0F7-42C8-812C-2C4DEA2B2435}.Debug|x86.ActiveCfg = Debug|Any CPU
		{9869E8E8-B0F7-42C8-812C-2C4DEA2B2435}.Debug|x86.Build.0 = Debug|Any CPU
		{9869E8E8-B0F7-42C8-812C-2C4DEA2B2435}.Deploy_Debug|.NET 2.0.ActiveCfg = Debug|Any CPU
		{9869E8E8-B0F7-42C8-812C-2C4DEA2B2435}.Deploy_Debug|Any CPU.ActiveCfg = Debug|Any CPU
		{9869E8E8-B0F7-42C8-812C-2C4DEA2B2435}.Deploy_Debug|Any CPU.Build.0 = Debug|Any CPU
		{9869E8E8-B0F7-42C8-812C-2C4DEA2B2435}.Deploy_Debug|x86.ActiveCfg = Debug|Any CPU
		{9869E8E8-B0F7-42C8-812C-2C4DEA2B2435}.Fast Debug|.NET 2.0.ActiveCfg = Debug|Any CPU
		{9869E8E8-B0F7-42C8-812C-2C4DEA2B2435}.Fast Debug|Any CPU.ActiveCfg = Debug|Any CPU
		{9869E8E8-B0F7-42C8-812C-2C4DEA2B2435}.Fast Debug|Any CPU.Build.0 = Debug|Any CPU
		{9869E8E8-B0F7-42C8-812C-2C4DEA2B2435}.Fast Debug|x86.ActiveCfg = Debug|Any CPU
		{9869E8E8-B0F7-42C8-812C-2C4DEA2B2435}.Release|.NET 2.0.ActiveCfg = Release|Any CPU
		{9869E8E8-B0F7-42C8-812C-2C4DEA2B2435}.Release|Any CPU.ActiveCfg = Release|Any CPU
		{9869E8E8-B0F7-42C8-812C-2C4DEA2B2435}.Release|Any CPU.Build.0 = Release|Any CPU
		{9869E8E8-B0F7-42C8-812C-2C4DEA2B2435}.Release|x86.ActiveCfg = Release|Any CPU
		{4E43DEFA-8717-4ED5-B234-C2B6F9B8AB15}.Debug|.NET 2.0.ActiveCfg = Debug|Any CPU
		{4E43DEFA-8717-4ED5-B234-C2B6F9B8AB15}.Debug|Any CPU.ActiveCfg = Debug|Any CPU
		{4E43DEFA-8717-4ED5-B234-C2B6F9B8AB15}.Debug|Any CPU.Build.0 = Debug|Any CPU
		{4E43DEFA-8717-4ED5-B234-C2B6F9B8AB15}.Debug|x86.ActiveCfg = Debug|Any CPU
		{4E43DEFA-8717-4ED5-B234-C2B6F9B8AB15}.Debug|x86.Build.0 = Debug|Any CPU
		{4E43DEFA-8717-4ED5-B234-C2B6F9B8AB15}.Deploy_Debug|.NET 2.0.ActiveCfg = Deploy_Debug|Any CPU
		{4E43DEFA-8717-4ED5-B234-C2B6F9B8AB15}.Deploy_Debug|Any CPU.ActiveCfg = Deploy_Debug|Any CPU
		{4E43DEFA-8717-4ED5-B234-C2B6F9B8AB15}.Deploy_Debug|Any CPU.Build.0 = Deploy_Debug|Any CPU
		{4E43DEFA-8717-4ED5-B234-C2B6F9B8AB15}.Deploy_Debug|x86.ActiveCfg = Deploy_Debug|Any CPU
		{4E43DEFA-8717-4ED5-B234-C2B6F9B8AB15}.Fast Debug|.NET 2.0.ActiveCfg = Debug|Any CPU
		{4E43DEFA-8717-4ED5-B234-C2B6F9B8AB15}.Fast Debug|Any CPU.ActiveCfg = Debug|Any CPU
		{4E43DEFA-8717-4ED5-B234-C2B6F9B8AB15}.Fast Debug|Any CPU.Build.0 = Debug|Any CPU
		{4E43DEFA-8717-4ED5-B234-C2B6F9B8AB15}.Fast Debug|x86.ActiveCfg = Debug|Any CPU
		{4E43DEFA-8717-4ED5-B234-C2B6F9B8AB15}.Release|.NET 2.0.ActiveCfg = Release|Any CPU
		{4E43DEFA-8717-4ED5-B234-C2B6F9B8AB15}.Release|Any CPU.ActiveCfg = Release|Any CPU
		{4E43DEFA-8717-4ED5-B234-C2B6F9B8AB15}.Release|Any CPU.Build.0 = Release|Any CPU
		{4E43DEFA-8717-4ED5-B234-C2B6F9B8AB15}.Release|x86.ActiveCfg = Release|Any CPU
		{E93459B4-CF0B-4FAF-9511-8CE9B9882780}.Debug|.NET 2.0.ActiveCfg = Debug|Any CPU
		{E93459B4-CF0B-4FAF-9511-8CE9B9882780}.Debug|Any CPU.ActiveCfg = Debug|Any CPU
		{E93459B4-CF0B-4FAF-9511-8CE9B9882780}.Debug|Any CPU.Build.0 = Debug|Any CPU
		{E93459B4-CF0B-4FAF-9511-8CE9B9882780}.Debug|x86.ActiveCfg = Debug|Any CPU
		{E93459B4-CF0B-4FAF-9511-8CE9B9882780}.Debug|x86.Build.0 = Debug|Any CPU
		{E93459B4-CF0B-4FAF-9511-8CE9B9882780}.Deploy_Debug|.NET 2.0.ActiveCfg = Deploy_Debug|Any CPU
		{E93459B4-CF0B-4FAF-9511-8CE9B9882780}.Deploy_Debug|Any CPU.ActiveCfg = Deploy_Debug|Any CPU
		{E93459B4-CF0B-4FAF-9511-8CE9B9882780}.Deploy_Debug|Any CPU.Build.0 = Deploy_Debug|Any CPU
		{E93459B4-CF0B-4FAF-9511-8CE9B9882780}.Deploy_Debug|x86.ActiveCfg = Deploy_Debug|Any CPU
		{E93459B4-CF0B-4FAF-9511-8CE9B9882780}.Fast Debug|.NET 2.0.ActiveCfg = Debug|Any CPU
		{E93459B4-CF0B-4FAF-9511-8CE9B9882780}.Fast Debug|Any CPU.ActiveCfg = Debug|Any CPU
		{E93459B4-CF0B-4FAF-9511-8CE9B9882780}.Fast Debug|Any CPU.Build.0 = Debug|Any CPU
		{E93459B4-CF0B-4FAF-9511-8CE9B9882780}.Fast Debug|x86.ActiveCfg = Debug|Any CPU
		{E93459B4-CF0B-4FAF-9511-8CE9B9882780}.Release|.NET 2.0.ActiveCfg = Release|Any CPU
		{E93459B4-CF0B-4FAF-9511-8CE9B9882780}.Release|Any CPU.ActiveCfg = Release|Any CPU
		{E93459B4-CF0B-4FAF-9511-8CE9B9882780}.Release|Any CPU.Build.0 = Release|Any CPU
		{E93459B4-CF0B-4FAF-9511-8CE9B9882780}.Release|x86.ActiveCfg = Release|Any CPU
		{6B46DA31-C4D4-48F7-ACC6-FA7CFB2D303D}.Debug|.NET 2.0.ActiveCfg = Debug
		{6B46DA31-C4D4-48F7-ACC6-FA7CFB2D303D}.Debug|.NET 2.0.Build.0 = Debug
		{6B46DA31-C4D4-48F7-ACC6-FA7CFB2D303D}.Debug|Any CPU.ActiveCfg = Debug
		{6B46DA31-C4D4-48F7-ACC6-FA7CFB2D303D}.Debug|Any CPU.Build.0 = Debug
		{6B46DA31-C4D4-48F7-ACC6-FA7CFB2D303D}.Debug|x86.ActiveCfg = Debug
		{6B46DA31-C4D4-48F7-ACC6-FA7CFB2D303D}.Debug|x86.Build.0 = Debug
		{6B46DA31-C4D4-48F7-ACC6-FA7CFB2D303D}.Deploy_Debug|.NET 2.0.ActiveCfg = Deploy_Debug
		{6B46DA31-C4D4-48F7-ACC6-FA7CFB2D303D}.Deploy_Debug|.NET 2.0.Build.0 = Deploy_Debug
		{6B46DA31-C4D4-48F7-ACC6-FA7CFB2D303D}.Deploy_Debug|Any CPU.ActiveCfg = Deploy_Debug
		{6B46DA31-C4D4-48F7-ACC6-FA7CFB2D303D}.Deploy_Debug|Any CPU.Build.0 = Deploy_Debug
		{6B46DA31-C4D4-48F7-ACC6-FA7CFB2D303D}.Deploy_Debug|x86.ActiveCfg = Deploy_Debug
		{6B46DA31-C4D4-48F7-ACC6-FA7CFB2D303D}.Deploy_Debug|x86.Build.0 = Deploy_Debug
		{6B46DA31-C4D4-48F7-ACC6-FA7CFB2D303D}.Fast Debug|.NET 2.0.ActiveCfg = Debug
		{6B46DA31-C4D4-48F7-ACC6-FA7CFB2D303D}.Fast Debug|.NET 2.0.Build.0 = Debug
		{6B46DA31-C4D4-48F7-ACC6-FA7CFB2D303D}.Fast Debug|Any CPU.ActiveCfg = Debug
		{6B46DA31-C4D4-48F7-ACC6-FA7CFB2D303D}.Fast Debug|Any CPU.Build.0 = Debug
		{6B46DA31-C4D4-48F7-ACC6-FA7CFB2D303D}.Fast Debug|x86.ActiveCfg = Debug
		{6B46DA31-C4D4-48F7-ACC6-FA7CFB2D303D}.Fast Debug|x86.Build.0 = Debug
		{6B46DA31-C4D4-48F7-ACC6-FA7CFB2D303D}.Release|.NET 2.0.ActiveCfg = Release
		{6B46DA31-C4D4-48F7-ACC6-FA7CFB2D303D}.Release|.NET 2.0.Build.0 = Release
		{6B46DA31-C4D4-48F7-ACC6-FA7CFB2D303D}.Release|Any CPU.ActiveCfg = Release
		{6B46DA31-C4D4-48F7-ACC6-FA7CFB2D303D}.Release|Any CPU.Build.0 = Release
		{6B46DA31-C4D4-48F7-ACC6-FA7CFB2D303D}.Release|x86.ActiveCfg = Release
		{6B46DA31-C4D4-48F7-ACC6-FA7CFB2D303D}.Release|x86.Build.0 = Release
		{868320EE-EBE1-4F27-88DF-D70732620FD2}.Debug|.NET 2.0.ActiveCfg = Debug|Any CPU
		{868320EE-EBE1-4F27-88DF-D70732620FD2}.Debug|Any CPU.ActiveCfg = Debug|Any CPU
		{868320EE-EBE1-4F27-88DF-D70732620FD2}.Debug|Any CPU.Build.0 = Debug|Any CPU
		{868320EE-EBE1-4F27-88DF-D70732620FD2}.Debug|x86.ActiveCfg = Debug|Any CPU
		{868320EE-EBE1-4F27-88DF-D70732620FD2}.Deploy_Debug|.NET 2.0.ActiveCfg = Debug|Any CPU
		{868320EE-EBE1-4F27-88DF-D70732620FD2}.Deploy_Debug|Any CPU.ActiveCfg = Debug|Any CPU
		{868320EE-EBE1-4F27-88DF-D70732620FD2}.Deploy_Debug|Any CPU.Build.0 = Debug|Any CPU
		{868320EE-EBE1-4F27-88DF-D70732620FD2}.Deploy_Debug|x86.ActiveCfg = Debug|Any CPU
		{868320EE-EBE1-4F27-88DF-D70732620FD2}.Fast Debug|.NET 2.0.ActiveCfg = Debug|Any CPU
		{868320EE-EBE1-4F27-88DF-D70732620FD2}.Fast Debug|Any CPU.ActiveCfg = Debug|Any CPU
		{868320EE-EBE1-4F27-88DF-D70732620FD2}.Fast Debug|Any CPU.Build.0 = Debug|Any CPU
		{868320EE-EBE1-4F27-88DF-D70732620FD2}.Fast Debug|x86.ActiveCfg = Debug|Any CPU
		{868320EE-EBE1-4F27-88DF-D70732620FD2}.Release|.NET 2.0.ActiveCfg = Release|Any CPU
		{868320EE-EBE1-4F27-88DF-D70732620FD2}.Release|Any CPU.ActiveCfg = Release|Any CPU
		{868320EE-EBE1-4F27-88DF-D70732620FD2}.Release|Any CPU.Build.0 = Release|Any CPU
		{868320EE-EBE1-4F27-88DF-D70732620FD2}.Release|x86.ActiveCfg = Release|Any CPU
	EndGlobalSection
	GlobalSection(SolutionProperties) = preSolution
		HideSolutionNode = FALSE
	EndGlobalSection
EndGlobal
