
Microsoft Visual Studio Solution File, Format Version 12.00
# Visual Studio 2012
Project("{2150E333-8FDC-42A3-9474-1A3956D46DE8}") = "Solution Items", "Solution Items", "{751EF4EC-AA5B-42CE-BC92-2430E5A03FB6}"
	ProjectSection(SolutionItems) = preProject
		import_policy.txt = import_policy.txt
		LocalTestRun.testrunconfig = LocalTestRun.testrunconfig
		music_importer10.vsmdi = music_importer10.vsmdi
		music_importer2.vsmdi = music_importer2.vsmdi
		music_importer8.vsmdi = music_importer8.vsmdi
		music_importer9.vsmdi = music_importer9.vsmdi
		todo.txt = todo.txt
		Version.txt = Version.txt
	EndProjectSection
EndProject
Project("{FAE04EC0-301F-11D3-BF4B-00C04F79EFBC}") = "MusicImporter_Lib", "MusicImporter_Lib\MusicImporter_Lib.csproj", "{E93459B4-CF0B-4FAF-9511-8CE9B9882780}"
EndProject
Project("{FAE04EC0-301F-11D3-BF4B-00C04F79EFBC}") = "GUI", "GUI\GUI.csproj", "{4E43DEFA-8717-4ED5-B234-C2B6F9B8AB15}"
EndProject
Project("{FAE04EC0-301F-11D3-BF4B-00C04F79EFBC}") = "utility", "..\utility\utility\utility.csproj", "{4DFC8774-E67D-4EFF-9249-301C0D5EB158}"
EndProject
Project("{FAE04EC0-301F-11D3-BF4B-00C04F79EFBC}") = "utility.extra", "..\utility\utility.extra\utility.extra.csproj", "{20FCCCAF-EF9B-48F8-9810-0365985AAEA2}"
EndProject
Global
	GlobalSection(SolutionConfigurationPlatforms) = preSolution
		CD_ROM|.NET 2.0 = CD_ROM|.NET 2.0
		CD_ROM|Any CPU = CD_ROM|Any CPU
		CD_ROM|Mixed Platforms = CD_ROM|Mixed Platforms
		CD_ROM|x64 = CD_ROM|x64
		CD_ROM|x86 = CD_ROM|x86
		Debug|.NET 2.0 = Debug|.NET 2.0
		Debug|Any CPU = Debug|Any CPU
		Debug|Mixed Platforms = Debug|Mixed Platforms
		Debug|x64 = Debug|x64
		Debug|x86 = Debug|x86
		DVD-5|.NET 2.0 = DVD-5|.NET 2.0
		DVD-5|Any CPU = DVD-5|Any CPU
		DVD-5|Mixed Platforms = DVD-5|Mixed Platforms
		DVD-5|x64 = DVD-5|x64
		DVD-5|x86 = DVD-5|x86
		Fast Debug|.NET 2.0 = Fast Debug|.NET 2.0
		Fast Debug|Any CPU = Fast Debug|Any CPU
		Fast Debug|Mixed Platforms = Fast Debug|Mixed Platforms
		Fast Debug|x64 = Fast Debug|x64
		Fast Debug|x86 = Fast Debug|x86
		Release|.NET 2.0 = Release|.NET 2.0
		Release|Any CPU = Release|Any CPU
		Release|Mixed Platforms = Release|Mixed Platforms
		Release|x64 = Release|x64
		Release|x86 = Release|x86
		SingleImage|.NET 2.0 = SingleImage|.NET 2.0
		SingleImage|Any CPU = SingleImage|Any CPU
		SingleImage|Mixed Platforms = SingleImage|Mixed Platforms
		SingleImage|x64 = SingleImage|x64
		SingleImage|x86 = SingleImage|x86
	EndGlobalSection
	GlobalSection(ProjectConfigurationPlatforms) = postSolution
		{E93459B4-CF0B-4FAF-9511-8CE9B9882780}.CD_ROM|.NET 2.0.ActiveCfg = Deploy_Debug|Any CPU
		{E93459B4-CF0B-4FAF-9511-8CE9B9882780}.CD_ROM|Any CPU.ActiveCfg = Deploy_Debug|Any CPU
		{E93459B4-CF0B-4FAF-9511-8CE9B9882780}.CD_ROM|Any CPU.Build.0 = Deploy_Debug|Any CPU
		{E93459B4-CF0B-4FAF-9511-8CE9B9882780}.CD_ROM|Mixed Platforms.ActiveCfg = Release|Any CPU
		{E93459B4-CF0B-4FAF-9511-8CE9B9882780}.CD_ROM|Mixed Platforms.Build.0 = Release|Any CPU
		{E93459B4-CF0B-4FAF-9511-8CE9B9882780}.CD_ROM|x64.ActiveCfg = Deploy_Debug|x64
		{E93459B4-CF0B-4FAF-9511-8CE9B9882780}.CD_ROM|x64.Build.0 = Deploy_Debug|x64
		{E93459B4-CF0B-4FAF-9511-8CE9B9882780}.CD_ROM|x86.ActiveCfg = Deploy_Debug|Any CPU
		{E93459B4-CF0B-4FAF-9511-8CE9B9882780}.Debug|.NET 2.0.ActiveCfg = Debug|Any CPU
		{E93459B4-CF0B-4FAF-9511-8CE9B9882780}.Debug|.NET 2.0.Build.0 = Debug|Any CPU
		{E93459B4-CF0B-4FAF-9511-8CE9B9882780}.Debug|Any CPU.ActiveCfg = Debug|Any CPU
		{E93459B4-CF0B-4FAF-9511-8CE9B9882780}.Debug|Any CPU.Build.0 = Debug|Any CPU
		{E93459B4-CF0B-4FAF-9511-8CE9B9882780}.Debug|Mixed Platforms.ActiveCfg = Debug|Any CPU
		{E93459B4-CF0B-4FAF-9511-8CE9B9882780}.Debug|Mixed Platforms.Build.0 = Debug|Any CPU
		{E93459B4-CF0B-4FAF-9511-8CE9B9882780}.Debug|x64.ActiveCfg = Debug|Any CPU
		{E93459B4-CF0B-4FAF-9511-8CE9B9882780}.Debug|x64.Build.0 = Debug|Any CPU
		{E93459B4-CF0B-4FAF-9511-8CE9B9882780}.Debug|x86.ActiveCfg = Debug|Any CPU
		{E93459B4-CF0B-4FAF-9511-8CE9B9882780}.Debug|x86.Build.0 = Debug|Any CPU
		{E93459B4-CF0B-4FAF-9511-8CE9B9882780}.DVD-5|.NET 2.0.ActiveCfg = Deploy_Debug|Any CPU
		{E93459B4-CF0B-4FAF-9511-8CE9B9882780}.DVD-5|Any CPU.ActiveCfg = Deploy_Debug|Any CPU
		{E93459B4-CF0B-4FAF-9511-8CE9B9882780}.DVD-5|Any CPU.Build.0 = Deploy_Debug|Any CPU
		{E93459B4-CF0B-4FAF-9511-8CE9B9882780}.DVD-5|Mixed Platforms.ActiveCfg = Debug|Any CPU
		{E93459B4-CF0B-4FAF-9511-8CE9B9882780}.DVD-5|Mixed Platforms.Build.0 = Debug|Any CPU
		{E93459B4-CF0B-4FAF-9511-8CE9B9882780}.DVD-5|x64.ActiveCfg = Deploy_Debug|x64
		{E93459B4-CF0B-4FAF-9511-8CE9B9882780}.DVD-5|x64.Build.0 = Deploy_Debug|x64
		{E93459B4-CF0B-4FAF-9511-8CE9B9882780}.DVD-5|x86.ActiveCfg = Deploy_Debug|Any CPU
		{E93459B4-CF0B-4FAF-9511-8CE9B9882780}.Fast Debug|.NET 2.0.ActiveCfg = Debug|Any CPU
		{E93459B4-CF0B-4FAF-9511-8CE9B9882780}.Fast Debug|Any CPU.ActiveCfg = Debug|Any CPU
		{E93459B4-CF0B-4FAF-9511-8CE9B9882780}.Fast Debug|Any CPU.Build.0 = Debug|Any CPU
		{E93459B4-CF0B-4FAF-9511-8CE9B9882780}.Fast Debug|Mixed Platforms.ActiveCfg = Debug|Any CPU
		{E93459B4-CF0B-4FAF-9511-8CE9B9882780}.Fast Debug|Mixed Platforms.Build.0 = Debug|Any CPU
		{E93459B4-CF0B-4FAF-9511-8CE9B9882780}.Fast Debug|x64.ActiveCfg = Debug|x64
		{E93459B4-CF0B-4FAF-9511-8CE9B9882780}.Fast Debug|x64.Build.0 = Debug|x64
		{E93459B4-CF0B-4FAF-9511-8CE9B9882780}.Fast Debug|x86.ActiveCfg = Debug|Any CPU
		{E93459B4-CF0B-4FAF-9511-8CE9B9882780}.Release|.NET 2.0.ActiveCfg = Release|Any CPU
		{E93459B4-CF0B-4FAF-9511-8CE9B9882780}.Release|.NET 2.0.Build.0 = Release|Any CPU
		{E93459B4-CF0B-4FAF-9511-8CE9B9882780}.Release|Any CPU.ActiveCfg = Release|Any CPU
		{E93459B4-CF0B-4FAF-9511-8CE9B9882780}.Release|Any CPU.Build.0 = Release|Any CPU
		{E93459B4-CF0B-4FAF-9511-8CE9B9882780}.Release|Mixed Platforms.ActiveCfg = Release|Any CPU
		{E93459B4-CF0B-4FAF-9511-8CE9B9882780}.Release|Mixed Platforms.Build.0 = Release|Any CPU
		{E93459B4-CF0B-4FAF-9511-8CE9B9882780}.Release|x64.ActiveCfg = Release|x64
		{E93459B4-CF0B-4FAF-9511-8CE9B9882780}.Release|x64.Build.0 = Release|x64
		{E93459B4-CF0B-4FAF-9511-8CE9B9882780}.Release|x86.ActiveCfg = Release|Any CPU
		{E93459B4-CF0B-4FAF-9511-8CE9B9882780}.Release|x86.Build.0 = Release|Any CPU
		{E93459B4-CF0B-4FAF-9511-8CE9B9882780}.SingleImage|.NET 2.0.ActiveCfg = Deploy_Debug|Any CPU
		{E93459B4-CF0B-4FAF-9511-8CE9B9882780}.SingleImage|Any CPU.ActiveCfg = Deploy_Debug|Any CPU
		{E93459B4-CF0B-4FAF-9511-8CE9B9882780}.SingleImage|Any CPU.Build.0 = Deploy_Debug|Any CPU
		{E93459B4-CF0B-4FAF-9511-8CE9B9882780}.SingleImage|Mixed Platforms.ActiveCfg = Release|Any CPU
		{E93459B4-CF0B-4FAF-9511-8CE9B9882780}.SingleImage|Mixed Platforms.Build.0 = Release|Any CPU
		{E93459B4-CF0B-4FAF-9511-8CE9B9882780}.SingleImage|x64.ActiveCfg = Deploy_Debug|x64
		{E93459B4-CF0B-4FAF-9511-8CE9B9882780}.SingleImage|x64.Build.0 = Deploy_Debug|x64
		{E93459B4-CF0B-4FAF-9511-8CE9B9882780}.SingleImage|x86.ActiveCfg = Deploy_Debug|Any CPU
		{4E43DEFA-8717-4ED5-B234-C2B6F9B8AB15}.CD_ROM|.NET 2.0.ActiveCfg = Deploy_Debug|Any CPU
		{4E43DEFA-8717-4ED5-B234-C2B6F9B8AB15}.CD_ROM|Any CPU.ActiveCfg = Deploy_Debug|Any CPU
		{4E43DEFA-8717-4ED5-B234-C2B6F9B8AB15}.CD_ROM|Any CPU.Build.0 = Deploy_Debug|Any CPU
		{4E43DEFA-8717-4ED5-B234-C2B6F9B8AB15}.CD_ROM|Mixed Platforms.ActiveCfg = Release|Any CPU
		{4E43DEFA-8717-4ED5-B234-C2B6F9B8AB15}.CD_ROM|Mixed Platforms.Build.0 = Release|Any CPU
		{4E43DEFA-8717-4ED5-B234-C2B6F9B8AB15}.CD_ROM|x64.ActiveCfg = Deploy_Debug|Any CPU
		{4E43DEFA-8717-4ED5-B234-C2B6F9B8AB15}.CD_ROM|x86.ActiveCfg = Deploy_Debug|Any CPU
		{4E43DEFA-8717-4ED5-B234-C2B6F9B8AB15}.Debug|.NET 2.0.ActiveCfg = Debug|Any CPU
		{4E43DEFA-8717-4ED5-B234-C2B6F9B8AB15}.Debug|.NET 2.0.Build.0 = Debug|Any CPU
		{4E43DEFA-8717-4ED5-B234-C2B6F9B8AB15}.Debug|Any CPU.ActiveCfg = Debug|Any CPU
		{4E43DEFA-8717-4ED5-B234-C2B6F9B8AB15}.Debug|Any CPU.Build.0 = Debug|Any CPU
		{4E43DEFA-8717-4ED5-B234-C2B6F9B8AB15}.Debug|Mixed Platforms.ActiveCfg = Debug|Any CPU
		{4E43DEFA-8717-4ED5-B234-C2B6F9B8AB15}.Debug|Mixed Platforms.Build.0 = Debug|Any CPU
		{4E43DEFA-8717-4ED5-B234-C2B6F9B8AB15}.Debug|x64.ActiveCfg = Debug|Any CPU
		{4E43DEFA-8717-4ED5-B234-C2B6F9B8AB15}.Debug|x64.Build.0 = Debug|Any CPU
		{4E43DEFA-8717-4ED5-B234-C2B6F9B8AB15}.Debug|x86.ActiveCfg = Debug|Any CPU
		{4E43DEFA-8717-4ED5-B234-C2B6F9B8AB15}.Debug|x86.Build.0 = Debug|Any CPU
		{4E43DEFA-8717-4ED5-B234-C2B6F9B8AB15}.DVD-5|.NET 2.0.ActiveCfg = Deploy_Debug|Any CPU
		{4E43DEFA-8717-4ED5-B234-C2B6F9B8AB15}.DVD-5|Any CPU.ActiveCfg = Deploy_Debug|Any CPU
		{4E43DEFA-8717-4ED5-B234-C2B6F9B8AB15}.DVD-5|Any CPU.Build.0 = Deploy_Debug|Any CPU
		{4E43DEFA-8717-4ED5-B234-C2B6F9B8AB15}.DVD-5|Mixed Platforms.ActiveCfg = Debug|Any CPU
		{4E43DEFA-8717-4ED5-B234-C2B6F9B8AB15}.DVD-5|Mixed Platforms.Build.0 = Debug|Any CPU
		{4E43DEFA-8717-4ED5-B234-C2B6F9B8AB15}.DVD-5|x64.ActiveCfg = Deploy_Debug|Any CPU
		{4E43DEFA-8717-4ED5-B234-C2B6F9B8AB15}.DVD-5|x86.ActiveCfg = Deploy_Debug|Any CPU
		{4E43DEFA-8717-4ED5-B234-C2B6F9B8AB15}.Fast Debug|.NET 2.0.ActiveCfg = Debug|Any CPU
		{4E43DEFA-8717-4ED5-B234-C2B6F9B8AB15}.Fast Debug|Any CPU.ActiveCfg = Debug|Any CPU
		{4E43DEFA-8717-4ED5-B234-C2B6F9B8AB15}.Fast Debug|Any CPU.Build.0 = Debug|Any CPU
		{4E43DEFA-8717-4ED5-B234-C2B6F9B8AB15}.Fast Debug|Mixed Platforms.ActiveCfg = Debug|Any CPU
		{4E43DEFA-8717-4ED5-B234-C2B6F9B8AB15}.Fast Debug|Mixed Platforms.Build.0 = Debug|Any CPU
		{4E43DEFA-8717-4ED5-B234-C2B6F9B8AB15}.Fast Debug|x64.ActiveCfg = Debug|Any CPU
		{4E43DEFA-8717-4ED5-B234-C2B6F9B8AB15}.Fast Debug|x86.ActiveCfg = Debug|Any CPU
		{4E43DEFA-8717-4ED5-B234-C2B6F9B8AB15}.Release|.NET 2.0.ActiveCfg = Release|Any CPU
		{4E43DEFA-8717-4ED5-B234-C2B6F9B8AB15}.Release|.NET 2.0.Build.0 = Release|Any CPU
		{4E43DEFA-8717-4ED5-B234-C2B6F9B8AB15}.Release|Any CPU.ActiveCfg = Release|Any CPU
		{4E43DEFA-8717-4ED5-B234-C2B6F9B8AB15}.Release|Any CPU.Build.0 = Release|Any CPU
		{4E43DEFA-8717-4ED5-B234-C2B6F9B8AB15}.Release|Mixed Platforms.ActiveCfg = Release|Any CPU
		{4E43DEFA-8717-4ED5-B234-C2B6F9B8AB15}.Release|Mixed Platforms.Build.0 = Release|Any CPU
		{4E43DEFA-8717-4ED5-B234-C2B6F9B8AB15}.Release|x64.ActiveCfg = Release|Any CPU
		{4E43DEFA-8717-4ED5-B234-C2B6F9B8AB15}.Release|x86.ActiveCfg = Release|Any CPU
		{4E43DEFA-8717-4ED5-B234-C2B6F9B8AB15}.SingleImage|.NET 2.0.ActiveCfg = Deploy_Debug|Any CPU
		{4E43DEFA-8717-4ED5-B234-C2B6F9B8AB15}.SingleImage|Any CPU.ActiveCfg = Deploy_Debug|Any CPU
		{4E43DEFA-8717-4ED5-B234-C2B6F9B8AB15}.SingleImage|Any CPU.Build.0 = Deploy_Debug|Any CPU
		{4E43DEFA-8717-4ED5-B234-C2B6F9B8AB15}.SingleImage|Mixed Platforms.ActiveCfg = Release|Any CPU
		{4E43DEFA-8717-4ED5-B234-C2B6F9B8AB15}.SingleImage|Mixed Platforms.Build.0 = Release|Any CPU
		{4E43DEFA-8717-4ED5-B234-C2B6F9B8AB15}.SingleImage|x64.ActiveCfg = Deploy_Debug|Any CPU
		{4E43DEFA-8717-4ED5-B234-C2B6F9B8AB15}.SingleImage|x86.ActiveCfg = Deploy_Debug|Any CPU
		{4DFC8774-E67D-4EFF-9249-301C0D5EB158}.CD_ROM|.NET 2.0.ActiveCfg = Deploy_Debug|Any CPU
		{4DFC8774-E67D-4EFF-9249-301C0D5EB158}.CD_ROM|Any CPU.ActiveCfg = Deploy_Debug|Any CPU
		{4DFC8774-E67D-4EFF-9249-301C0D5EB158}.CD_ROM|Any CPU.Build.0 = Deploy_Debug|Any CPU
		{4DFC8774-E67D-4EFF-9249-301C0D5EB158}.CD_ROM|Mixed Platforms.ActiveCfg = Release|Any CPU
		{4DFC8774-E67D-4EFF-9249-301C0D5EB158}.CD_ROM|Mixed Platforms.Build.0 = Release|Any CPU
		{4DFC8774-E67D-4EFF-9249-301C0D5EB158}.CD_ROM|x64.ActiveCfg = Deploy_Debug|Any CPU
		{4DFC8774-E67D-4EFF-9249-301C0D5EB158}.CD_ROM|x86.ActiveCfg = Deploy_Debug|Any CPU
		{4DFC8774-E67D-4EFF-9249-301C0D5EB158}.Debug|.NET 2.0.ActiveCfg = Debug|Any CPU
		{4DFC8774-E67D-4EFF-9249-301C0D5EB158}.Debug|.NET 2.0.Build.0 = Debug|Any CPU
		{4DFC8774-E67D-4EFF-9249-301C0D5EB158}.Debug|Any CPU.ActiveCfg = Debug|Any CPU
		{4DFC8774-E67D-4EFF-9249-301C0D5EB158}.Debug|Any CPU.Build.0 = Debug|Any CPU
		{4DFC8774-E67D-4EFF-9249-301C0D5EB158}.Debug|Mixed Platforms.ActiveCfg = Debug|Any CPU
		{4DFC8774-E67D-4EFF-9249-301C0D5EB158}.Debug|Mixed Platforms.Build.0 = Debug|Any CPU
		{4DFC8774-E67D-4EFF-9249-301C0D5EB158}.Debug|x64.ActiveCfg = Debug|Any CPU
		{4DFC8774-E67D-4EFF-9249-301C0D5EB158}.Debug|x64.Build.0 = Debug|Any CPU
		{4DFC8774-E67D-4EFF-9249-301C0D5EB158}.Debug|x86.ActiveCfg = Debug|Any CPU
		{4DFC8774-E67D-4EFF-9249-301C0D5EB158}.Debug|x86.Build.0 = Debug|Any CPU
		{4DFC8774-E67D-4EFF-9249-301C0D5EB158}.DVD-5|.NET 2.0.ActiveCfg = Deploy_Debug|Any CPU
		{4DFC8774-E67D-4EFF-9249-301C0D5EB158}.DVD-5|Any CPU.ActiveCfg = Deploy_Debug|Any CPU
		{4DFC8774-E67D-4EFF-9249-301C0D5EB158}.DVD-5|Any CPU.Build.0 = Deploy_Debug|Any CPU
		{4DFC8774-E67D-4EFF-9249-301C0D5EB158}.DVD-5|Mixed Platforms.ActiveCfg = Debug|Any CPU
		{4DFC8774-E67D-4EFF-9249-301C0D5EB158}.DVD-5|Mixed Platforms.Build.0 = Debug|Any CPU
		{4DFC8774-E67D-4EFF-9249-301C0D5EB158}.DVD-5|x64.ActiveCfg = Deploy_Debug|Any CPU
		{4DFC8774-E67D-4EFF-9249-301C0D5EB158}.DVD-5|x86.ActiveCfg = Deploy_Debug|Any CPU
		{4DFC8774-E67D-4EFF-9249-301C0D5EB158}.Fast Debug|.NET 2.0.ActiveCfg = Debug|Any CPU
		{4DFC8774-E67D-4EFF-9249-301C0D5EB158}.Fast Debug|Any CPU.ActiveCfg = Debug|Any CPU
		{4DFC8774-E67D-4EFF-9249-301C0D5EB158}.Fast Debug|Any CPU.Build.0 = Debug|Any CPU
		{4DFC8774-E67D-4EFF-9249-301C0D5EB158}.Fast Debug|Mixed Platforms.ActiveCfg = Debug|Any CPU
		{4DFC8774-E67D-4EFF-9249-301C0D5EB158}.Fast Debug|Mixed Platforms.Build.0 = Debug|Any CPU
		{4DFC8774-E67D-4EFF-9249-301C0D5EB158}.Fast Debug|x64.ActiveCfg = Debug|Any CPU
		{4DFC8774-E67D-4EFF-9249-301C0D5EB158}.Fast Debug|x86.ActiveCfg = Debug|Any CPU
		{4DFC8774-E67D-4EFF-9249-301C0D5EB158}.Release|.NET 2.0.ActiveCfg = Release|Any CPU
		{4DFC8774-E67D-4EFF-9249-301C0D5EB158}.Release|.NET 2.0.Build.0 = Release|Any CPU
		{4DFC8774-E67D-4EFF-9249-301C0D5EB158}.Release|Any CPU.ActiveCfg = Release|Any CPU
		{4DFC8774-E67D-4EFF-9249-301C0D5EB158}.Release|Any CPU.Build.0 = Release|Any CPU
		{4DFC8774-E67D-4EFF-9249-301C0D5EB158}.Release|Mixed Platforms.ActiveCfg = Release|Any CPU
		{4DFC8774-E67D-4EFF-9249-301C0D5EB158}.Release|Mixed Platforms.Build.0 = Release|Any CPU
		{4DFC8774-E67D-4EFF-9249-301C0D5EB158}.Release|x64.ActiveCfg = Release|Any CPU
		{4DFC8774-E67D-4EFF-9249-301C0D5EB158}.Release|x86.ActiveCfg = Release|Any CPU
		{4DFC8774-E67D-4EFF-9249-301C0D5EB158}.SingleImage|.NET 2.0.ActiveCfg = Deploy_Debug|Any CPU
		{4DFC8774-E67D-4EFF-9249-301C0D5EB158}.SingleImage|Any CPU.ActiveCfg = Deploy_Debug|Any CPU
		{4DFC8774-E67D-4EFF-9249-301C0D5EB158}.SingleImage|Any CPU.Build.0 = Deploy_Debug|Any CPU
		{4DFC8774-E67D-4EFF-9249-301C0D5EB158}.SingleImage|Mixed Platforms.ActiveCfg = Release|Any CPU
		{4DFC8774-E67D-4EFF-9249-301C0D5EB158}.SingleImage|Mixed Platforms.Build.0 = Release|Any CPU
		{4DFC8774-E67D-4EFF-9249-301C0D5EB158}.SingleImage|x64.ActiveCfg = Deploy_Debug|Any CPU
		{4DFC8774-E67D-4EFF-9249-301C0D5EB158}.SingleImage|x86.ActiveCfg = Deploy_Debug|Any CPU
		{20FCCCAF-EF9B-48F8-9810-0365985AAEA2}.CD_ROM|.NET 2.0.ActiveCfg = Release|Any CPU
		{20FCCCAF-EF9B-48F8-9810-0365985AAEA2}.CD_ROM|Any CPU.ActiveCfg = Release|Any CPU
		{20FCCCAF-EF9B-48F8-9810-0365985AAEA2}.CD_ROM|Any CPU.Build.0 = Release|Any CPU
		{20FCCCAF-EF9B-48F8-9810-0365985AAEA2}.CD_ROM|Mixed Platforms.ActiveCfg = Release|Any CPU
		{20FCCCAF-EF9B-48F8-9810-0365985AAEA2}.CD_ROM|Mixed Platforms.Build.0 = Release|Any CPU
		{20FCCCAF-EF9B-48F8-9810-0365985AAEA2}.CD_ROM|x64.ActiveCfg = Release|Any CPU
		{20FCCCAF-EF9B-48F8-9810-0365985AAEA2}.CD_ROM|x86.ActiveCfg = Release|Any CPU
		{20FCCCAF-EF9B-48F8-9810-0365985AAEA2}.Debug|.NET 2.0.ActiveCfg = Debug|Any CPU
		{20FCCCAF-EF9B-48F8-9810-0365985AAEA2}.Debug|Any CPU.ActiveCfg = Debug|Any CPU
		{20FCCCAF-EF9B-48F8-9810-0365985AAEA2}.Debug|Any CPU.Build.0 = Debug|Any CPU
		{20FCCCAF-EF9B-48F8-9810-0365985AAEA2}.Debug|Mixed Platforms.ActiveCfg = Debug|Any CPU
		{20FCCCAF-EF9B-48F8-9810-0365985AAEA2}.Debug|Mixed Platforms.Build.0 = Debug|Any CPU
		{20FCCCAF-EF9B-48F8-9810-0365985AAEA2}.Debug|x64.ActiveCfg = Debug|Any CPU
		{20FCCCAF-EF9B-48F8-9810-0365985AAEA2}.Debug|x86.ActiveCfg = Debug|Any CPU
		{20FCCCAF-EF9B-48F8-9810-0365985AAEA2}.DVD-5|.NET 2.0.ActiveCfg = Debug|Any CPU
		{20FCCCAF-EF9B-48F8-9810-0365985AAEA2}.DVD-5|Any CPU.ActiveCfg = Debug|Any CPU
		{20FCCCAF-EF9B-48F8-9810-0365985AAEA2}.DVD-5|Any CPU.Build.0 = Debug|Any CPU
		{20FCCCAF-EF9B-48F8-9810-0365985AAEA2}.DVD-5|Mixed Platforms.ActiveCfg = Debug|Any CPU
		{20FCCCAF-EF9B-48F8-9810-0365985AAEA2}.DVD-5|Mixed Platforms.Build.0 = Debug|Any CPU
		{20FCCCAF-EF9B-48F8-9810-0365985AAEA2}.DVD-5|x64.ActiveCfg = Debug|Any CPU
		{20FCCCAF-EF9B-48F8-9810-0365985AAEA2}.DVD-5|x86.ActiveCfg = Debug|Any CPU
		{20FCCCAF-EF9B-48F8-9810-0365985AAEA2}.Fast Debug|.NET 2.0.ActiveCfg = Debug|Any CPU
		{20FCCCAF-EF9B-48F8-9810-0365985AAEA2}.Fast Debug|Any CPU.ActiveCfg = Debug|Any CPU
		{20FCCCAF-EF9B-48F8-9810-0365985AAEA2}.Fast Debug|Any CPU.Build.0 = Debug|Any CPU
		{20FCCCAF-EF9B-48F8-9810-0365985AAEA2}.Fast Debug|Mixed Platforms.ActiveCfg = Debug|Any CPU
		{20FCCCAF-EF9B-48F8-9810-0365985AAEA2}.Fast Debug|Mixed Platforms.Build.0 = Debug|Any CPU
		{20FCCCAF-EF9B-48F8-9810-0365985AAEA2}.Fast Debug|x64.ActiveCfg = Debug|Any CPU
		{20FCCCAF-EF9B-48F8-9810-0365985AAEA2}.Fast Debug|x86.ActiveCfg = Debug|Any CPU
		{20FCCCAF-EF9B-48F8-9810-0365985AAEA2}.Release|.NET 2.0.ActiveCfg = Release|Any CPU
		{20FCCCAF-EF9B-48F8-9810-0365985AAEA2}.Release|Any CPU.ActiveCfg = Release|Any CPU
		{20FCCCAF-EF9B-48F8-9810-0365985AAEA2}.Release|Any CPU.Build.0 = Release|Any CPU
		{20FCCCAF-EF9B-48F8-9810-0365985AAEA2}.Release|Mixed Platforms.ActiveCfg = Release|Any CPU
		{20FCCCAF-EF9B-48F8-9810-0365985AAEA2}.Release|Mixed Platforms.Build.0 = Release|Any CPU
		{20FCCCAF-EF9B-48F8-9810-0365985AAEA2}.Release|x64.ActiveCfg = Release|Any CPU
		{20FCCCAF-EF9B-48F8-9810-0365985AAEA2}.Release|x86.ActiveCfg = Release|Any CPU
		{20FCCCAF-EF9B-48F8-9810-0365985AAEA2}.SingleImage|.NET 2.0.ActiveCfg = Release|Any CPU
		{20FCCCAF-EF9B-48F8-9810-0365985AAEA2}.SingleImage|Any CPU.ActiveCfg = Release|Any CPU
		{20FCCCAF-EF9B-48F8-9810-0365985AAEA2}.SingleImage|Any CPU.Build.0 = Release|Any CPU
		{20FCCCAF-EF9B-48F8-9810-0365985AAEA2}.SingleImage|Mixed Platforms.ActiveCfg = Release|Any CPU
		{20FCCCAF-EF9B-48F8-9810-0365985AAEA2}.SingleImage|Mixed Platforms.Build.0 = Release|Any CPU
		{20FCCCAF-EF9B-48F8-9810-0365985AAEA2}.SingleImage|x64.ActiveCfg = Release|Any CPU
		{20FCCCAF-EF9B-48F8-9810-0365985AAEA2}.SingleImage|x86.ActiveCfg = Release|Any CPU
	EndGlobalSection
	GlobalSection(SolutionProperties) = preSolution
		HideSolutionNode = FALSE
	EndGlobalSection
EndGlobal
