
Microsoft Visual Studio Solution File, Format Version 10.00
# Visual Studio 2008
Project("{2150E333-8FDC-42A3-9474-1A3956D46DE8}") = "Solution Items", "Solution Items", "{751EF4EC-AA5B-42CE-BC92-2430E5A03FB6}"
	ProjectSection(SolutionItems) = preProject
		import_policy.txt = import_policy.txt
		LocalTestRun.testrunconfig = LocalTestRun.testrunconfig
		music_importer1.vsmdi = music_importer1.vsmdi
		music_importer10.vsmdi = music_importer10.vsmdi
		music_importer8.vsmdi = music_importer8.vsmdi
		music_importer9.vsmdi = music_importer9.vsmdi
		Version.txt = Version.txt
	EndProjectSection
EndProject
Project("{FAE04EC0-301F-11D3-BF4B-00C04F79EFBC}") = "MusicImporter_Lib", "MusicImporter_Lib\MusicImporter_Lib.csproj", "{E93459B4-CF0B-4FAF-9511-8CE9B9882780}"
EndProject
Project("{FAE04EC0-301F-11D3-BF4B-00C04F79EFBC}") = "GUI", "GUI\GUI.csproj", "{4E43DEFA-8717-4ED5-B234-C2B6F9B8AB15}"
EndProject
Project("{54435603-DBB4-11D2-8724-00A0C9A8B90C}") = "Setup", "Setup\Setup.vdproj", "{2A28454C-45A7-4EC9-B756-A055408BFC40}"
EndProject
Project("{FAE04EC0-301F-11D3-BF4B-00C04F79EFBC}") = "Test_Console", "Test_Console\Test_Console.csproj", "{3173C546-C3C3-456B-AC11-49F3AD5F36F7}"
EndProject
Project("{FAE04EC0-301F-11D3-BF4B-00C04F79EFBC}") = "TestProject", "TestProject\TestProject.csproj", "{4D7FFA9D-8852-426D-821B-DCFC7D5866CD}"
EndProject
Project("{FAE04EC0-301F-11D3-BF4B-00C04F79EFBC}") = "utility", "..\utility\utility\utility.csproj", "{4DFC8774-E67D-4EFF-9249-301C0D5EB158}"
EndProject
Project("{FAE04EC0-301F-11D3-BF4B-00C04F79EFBC}") = "ConsoleImporter", "ConsoleImporter\ConsoleImporter.csproj", "{1FD3BD79-B486-4D0F-8B05-7239CDCC46F2}"
EndProject
Global
	GlobalSection(SolutionConfigurationPlatforms) = preSolution
		Debug|.NET 2.0 = Debug|.NET 2.0
		Debug|Any CPU = Debug|Any CPU
		Debug|x86 = Debug|x86
		Fast Debug|.NET 2.0 = Fast Debug|.NET 2.0
		Fast Debug|Any CPU = Fast Debug|Any CPU
		Fast Debug|x86 = Fast Debug|x86
		Release|.NET 2.0 = Release|.NET 2.0
		Release|Any CPU = Release|Any CPU
		Release|x86 = Release|x86
	EndGlobalSection
	GlobalSection(ProjectConfigurationPlatforms) = postSolution
		{E93459B4-CF0B-4FAF-9511-8CE9B9882780}.Debug|.NET 2.0.ActiveCfg = Debug|Any CPU
		{E93459B4-CF0B-4FAF-9511-8CE9B9882780}.Debug|.NET 2.0.Build.0 = Debug|Any CPU
		{E93459B4-CF0B-4FAF-9511-8CE9B9882780}.Debug|Any CPU.ActiveCfg = Debug|Any CPU
		{E93459B4-CF0B-4FAF-9511-8CE9B9882780}.Debug|Any CPU.Build.0 = Debug|Any CPU
		{E93459B4-CF0B-4FAF-9511-8CE9B9882780}.Debug|x86.ActiveCfg = Debug|Any CPU
		{E93459B4-CF0B-4FAF-9511-8CE9B9882780}.Debug|x86.Build.0 = Debug|Any CPU
		{E93459B4-CF0B-4FAF-9511-8CE9B9882780}.Fast Debug|.NET 2.0.ActiveCfg = Debug|Any CPU
		{E93459B4-CF0B-4FAF-9511-8CE9B9882780}.Fast Debug|Any CPU.ActiveCfg = Debug|Any CPU
		{E93459B4-CF0B-4FAF-9511-8CE9B9882780}.Fast Debug|Any CPU.Build.0 = Debug|Any CPU
		{E93459B4-CF0B-4FAF-9511-8CE9B9882780}.Fast Debug|x86.ActiveCfg = Debug|Any CPU
		{E93459B4-CF0B-4FAF-9511-8CE9B9882780}.Release|.NET 2.0.ActiveCfg = Release|Any CPU
		{E93459B4-CF0B-4FAF-9511-8CE9B9882780}.Release|.NET 2.0.Build.0 = Release|Any CPU
		{E93459B4-CF0B-4FAF-9511-8CE9B9882780}.Release|Any CPU.ActiveCfg = Release|Any CPU
		{E93459B4-CF0B-4FAF-9511-8CE9B9882780}.Release|Any CPU.Build.0 = Release|Any CPU
		{E93459B4-CF0B-4FAF-9511-8CE9B9882780}.Release|x86.ActiveCfg = Release|Any CPU
		{E93459B4-CF0B-4FAF-9511-8CE9B9882780}.Release|x86.Build.0 = Release|Any CPU
		{4E43DEFA-8717-4ED5-B234-C2B6F9B8AB15}.Debug|.NET 2.0.ActiveCfg = Debug|Any CPU
		{4E43DEFA-8717-4ED5-B234-C2B6F9B8AB15}.Debug|.NET 2.0.Build.0 = Debug|Any CPU
		{4E43DEFA-8717-4ED5-B234-C2B6F9B8AB15}.Debug|Any CPU.ActiveCfg = Debug|Any CPU
		{4E43DEFA-8717-4ED5-B234-C2B6F9B8AB15}.Debug|Any CPU.Build.0 = Debug|Any CPU
		{4E43DEFA-8717-4ED5-B234-C2B6F9B8AB15}.Debug|x86.ActiveCfg = Debug|Any CPU
		{4E43DEFA-8717-4ED5-B234-C2B6F9B8AB15}.Debug|x86.Build.0 = Debug|Any CPU
		{4E43DEFA-8717-4ED5-B234-C2B6F9B8AB15}.Fast Debug|.NET 2.0.ActiveCfg = Debug|Any CPU
		{4E43DEFA-8717-4ED5-B234-C2B6F9B8AB15}.Fast Debug|Any CPU.ActiveCfg = Debug|Any CPU
		{4E43DEFA-8717-4ED5-B234-C2B6F9B8AB15}.Fast Debug|Any CPU.Build.0 = Debug|Any CPU
		{4E43DEFA-8717-4ED5-B234-C2B6F9B8AB15}.Fast Debug|x86.ActiveCfg = Debug|Any CPU
		{4E43DEFA-8717-4ED5-B234-C2B6F9B8AB15}.Release|.NET 2.0.ActiveCfg = Release|Any CPU
		{4E43DEFA-8717-4ED5-B234-C2B6F9B8AB15}.Release|.NET 2.0.Build.0 = Release|Any CPU
		{4E43DEFA-8717-4ED5-B234-C2B6F9B8AB15}.Release|Any CPU.ActiveCfg = Release|Any CPU
		{4E43DEFA-8717-4ED5-B234-C2B6F9B8AB15}.Release|Any CPU.Build.0 = Release|Any CPU
		{4E43DEFA-8717-4ED5-B234-C2B6F9B8AB15}.Release|x86.ActiveCfg = Release|Any CPU
		{2A28454C-45A7-4EC9-B756-A055408BFC40}.Debug|.NET 2.0.ActiveCfg = Debug
		{2A28454C-45A7-4EC9-B756-A055408BFC40}.Debug|Any CPU.ActiveCfg = Debug
		{2A28454C-45A7-4EC9-B756-A055408BFC40}.Debug|x86.ActiveCfg = Debug
		{2A28454C-45A7-4EC9-B756-A055408BFC40}.Fast Debug|.NET 2.0.ActiveCfg = Debug
		{2A28454C-45A7-4EC9-B756-A055408BFC40}.Fast Debug|Any CPU.ActiveCfg = Debug
		{2A28454C-45A7-4EC9-B756-A055408BFC40}.Fast Debug|x86.ActiveCfg = Debug
		{2A28454C-45A7-4EC9-B756-A055408BFC40}.Release|.NET 2.0.ActiveCfg = Release
		{2A28454C-45A7-4EC9-B756-A055408BFC40}.Release|.NET 2.0.Build.0 = Release
		{2A28454C-45A7-4EC9-B756-A055408BFC40}.Release|Any CPU.ActiveCfg = Release
		{2A28454C-45A7-4EC9-B756-A055408BFC40}.Release|x86.ActiveCfg = Release
		{3173C546-C3C3-456B-AC11-49F3AD5F36F7}.Debug|.NET 2.0.ActiveCfg = Debug|Any CPU
		{3173C546-C3C3-456B-AC11-49F3AD5F36F7}.Debug|.NET 2.0.Build.0 = Debug|Any CPU
		{3173C546-C3C3-456B-AC11-49F3AD5F36F7}.Debug|Any CPU.ActiveCfg = Debug|Any CPU
		{3173C546-C3C3-456B-AC11-49F3AD5F36F7}.Debug|Any CPU.Build.0 = Debug|Any CPU
		{3173C546-C3C3-456B-AC11-49F3AD5F36F7}.Debug|x86.ActiveCfg = Debug|Any CPU
		{3173C546-C3C3-456B-AC11-49F3AD5F36F7}.Debug|x86.Build.0 = Debug|Any CPU
		{3173C546-C3C3-456B-AC11-49F3AD5F36F7}.Fast Debug|.NET 2.0.ActiveCfg = Debug|Any CPU
		{3173C546-C3C3-456B-AC11-49F3AD5F36F7}.Fast Debug|Any CPU.ActiveCfg = Debug|Any CPU
		{3173C546-C3C3-456B-AC11-49F3AD5F36F7}.Fast Debug|Any CPU.Build.0 = Debug|Any CPU
		{3173C546-C3C3-456B-AC11-49F3AD5F36F7}.Fast Debug|x86.ActiveCfg = Debug|Any CPU
		{3173C546-C3C3-456B-AC11-49F3AD5F36F7}.Release|.NET 2.0.ActiveCfg = Release|Any CPU
		{3173C546-C3C3-456B-AC11-49F3AD5F36F7}.Release|Any CPU.ActiveCfg = Release|Any CPU
		{3173C546-C3C3-456B-AC11-49F3AD5F36F7}.Release|Any CPU.Build.0 = Release|Any CPU
		{3173C546-C3C3-456B-AC11-49F3AD5F36F7}.Release|x86.ActiveCfg = Release|Any CPU
		{4D7FFA9D-8852-426D-821B-DCFC7D5866CD}.Debug|.NET 2.0.ActiveCfg = Debug|Any CPU
		{4D7FFA9D-8852-426D-821B-DCFC7D5866CD}.Debug|.NET 2.0.Build.0 = Debug|Any CPU
		{4D7FFA9D-8852-426D-821B-DCFC7D5866CD}.Debug|Any CPU.ActiveCfg = Debug|Any CPU
		{4D7FFA9D-8852-426D-821B-DCFC7D5866CD}.Debug|Any CPU.Build.0 = Debug|Any CPU
		{4D7FFA9D-8852-426D-821B-DCFC7D5866CD}.Debug|x86.ActiveCfg = Debug|Any CPU
		{4D7FFA9D-8852-426D-821B-DCFC7D5866CD}.Debug|x86.Build.0 = Debug|Any CPU
		{4D7FFA9D-8852-426D-821B-DCFC7D5866CD}.Fast Debug|.NET 2.0.ActiveCfg = Debug|Any CPU
		{4D7FFA9D-8852-426D-821B-DCFC7D5866CD}.Fast Debug|Any CPU.ActiveCfg = Debug|Any CPU
		{4D7FFA9D-8852-426D-821B-DCFC7D5866CD}.Fast Debug|Any CPU.Build.0 = Debug|Any CPU
		{4D7FFA9D-8852-426D-821B-DCFC7D5866CD}.Fast Debug|x86.ActiveCfg = Debug|Any CPU
		{4D7FFA9D-8852-426D-821B-DCFC7D5866CD}.Release|.NET 2.0.ActiveCfg = Release|Any CPU
		{4D7FFA9D-8852-426D-821B-DCFC7D5866CD}.Release|Any CPU.ActiveCfg = Release|Any CPU
		{4D7FFA9D-8852-426D-821B-DCFC7D5866CD}.Release|Any CPU.Build.0 = Release|Any CPU
		{4D7FFA9D-8852-426D-821B-DCFC7D5866CD}.Release|x86.ActiveCfg = Release|Any CPU
		{4DFC8774-E67D-4EFF-9249-301C0D5EB158}.Debug|.NET 2.0.ActiveCfg = Debug|Any CPU
		{4DFC8774-E67D-4EFF-9249-301C0D5EB158}.Debug|.NET 2.0.Build.0 = Debug|Any CPU
		{4DFC8774-E67D-4EFF-9249-301C0D5EB158}.Debug|Any CPU.ActiveCfg = Debug|Any CPU
		{4DFC8774-E67D-4EFF-9249-301C0D5EB158}.Debug|Any CPU.Build.0 = Debug|Any CPU
		{4DFC8774-E67D-4EFF-9249-301C0D5EB158}.Debug|x86.ActiveCfg = Debug|Any CPU
		{4DFC8774-E67D-4EFF-9249-301C0D5EB158}.Debug|x86.Build.0 = Debug|Any CPU
		{4DFC8774-E67D-4EFF-9249-301C0D5EB158}.Fast Debug|.NET 2.0.ActiveCfg = Debug|Any CPU
		{4DFC8774-E67D-4EFF-9249-301C0D5EB158}.Fast Debug|Any CPU.ActiveCfg = Debug|Any CPU
		{4DFC8774-E67D-4EFF-9249-301C0D5EB158}.Fast Debug|Any CPU.Build.0 = Debug|Any CPU
		{4DFC8774-E67D-4EFF-9249-301C0D5EB158}.Fast Debug|x86.ActiveCfg = Debug|Any CPU
		{4DFC8774-E67D-4EFF-9249-301C0D5EB158}.Release|.NET 2.0.ActiveCfg = Release|Any CPU
		{4DFC8774-E67D-4EFF-9249-301C0D5EB158}.Release|.NET 2.0.Build.0 = Release|Any CPU
		{4DFC8774-E67D-4EFF-9249-301C0D5EB158}.Release|Any CPU.ActiveCfg = Release|Any CPU
		{4DFC8774-E67D-4EFF-9249-301C0D5EB158}.Release|Any CPU.Build.0 = Release|Any CPU
		{4DFC8774-E67D-4EFF-9249-301C0D5EB158}.Release|x86.ActiveCfg = Release|Any CPU
		{1FD3BD79-B486-4D0F-8B05-7239CDCC46F2}.Debug|.NET 2.0.ActiveCfg = Debug|Any CPU
		{1FD3BD79-B486-4D0F-8B05-7239CDCC46F2}.Debug|Any CPU.ActiveCfg = Debug|Any CPU
		{1FD3BD79-B486-4D0F-8B05-7239CDCC46F2}.Debug|Any CPU.Build.0 = Debug|Any CPU
		{1FD3BD79-B486-4D0F-8B05-7239CDCC46F2}.Debug|x86.ActiveCfg = Debug|Any CPU
		{1FD3BD79-B486-4D0F-8B05-7239CDCC46F2}.Debug|x86.Build.0 = Debug|Any CPU
		{1FD3BD79-B486-4D0F-8B05-7239CDCC46F2}.Fast Debug|.NET 2.0.ActiveCfg = Debug|Any CPU
		{1FD3BD79-B486-4D0F-8B05-7239CDCC46F2}.Fast Debug|Any CPU.ActiveCfg = Debug|Any CPU
		{1FD3BD79-B486-4D0F-8B05-7239CDCC46F2}.Fast Debug|Any CPU.Build.0 = Debug|Any CPU
		{1FD3BD79-B486-4D0F-8B05-7239CDCC46F2}.Fast Debug|x86.ActiveCfg = Debug|Any CPU
		{1FD3BD79-B486-4D0F-8B05-7239CDCC46F2}.Release|.NET 2.0.ActiveCfg = Release|Any CPU
		{1FD3BD79-B486-4D0F-8B05-7239CDCC46F2}.Release|Any CPU.ActiveCfg = Release|Any CPU
		{1FD3BD79-B486-4D0F-8B05-7239CDCC46F2}.Release|Any CPU.Build.0 = Release|Any CPU
		{1FD3BD79-B486-4D0F-8B05-7239CDCC46F2}.Release|x86.ActiveCfg = Release|Any CPU
	EndGlobalSection
	GlobalSection(SolutionProperties) = preSolution
		HideSolutionNode = FALSE
	EndGlobalSection
EndGlobal
